
Microsoft Visual Studio Solution File, Format Version 12.00
Project("{FAE04EC0-301F-11D3-BF4B-00C04F79EFBC}") = "Domain", "Domain\Domain.csproj", "{B97AAC33-60BB-49D9-8C32-D52085713DC1}"
EndProject
Project("{FAE04EC0-301F-11D3-BF4B-00C04F79EFBC}") = "Application", "Application\Application.csproj", "{0DC436D9-81AF-4AC2-AA79-388744ABA177}"
EndProject
Project("{FAE04EC0-301F-11D3-BF4B-00C04F79EFBC}") = "Infrastructure", "Infrastructure\Infrastructure.csproj", "{656CC701-3E52-496B-8BD9-C868289D000A}"
EndProject
Project("{FAE04EC0-301F-11D3-BF4B-00C04F79EFBC}") = "API", "API\API.csproj", "{0E2C06F3-5B8A-41B5-8C7F-6D71B4AAE9AD}"
EndProject
Project("{FAE04EC0-301F-11D3-BF4B-00C04F79EFBC}") = "Testing", "Testing\Testing.csproj", "{E635F0F0-EC31-435F-84FE-745A71D62CC0}"
EndProject
Global
	GlobalSection(SolutionConfigurationPlatforms) = preSolution
		Debug|Any CPU = Debug|Any CPU
		Release|Any CPU = Release|Any CPU
	EndGlobalSection
	GlobalSection(ProjectConfigurationPlatforms) = postSolution
		{B97AAC33-60BB-49D9-8C32-D52085713DC1}.Debug|Any CPU.ActiveCfg = Debug|Any CPU
		{B97AAC33-60BB-49D9-8C32-D52085713DC1}.Debug|Any CPU.Build.0 = Debug|Any CPU
		{B97AAC33-60BB-49D9-8C32-D52085713DC1}.Release|Any CPU.ActiveCfg = Release|Any CPU
		{B97AAC33-60BB-49D9-8C32-D52085713DC1}.Release|Any CPU.Build.0 = Release|Any CPU
		{0DC436D9-81AF-4AC2-AA79-388744ABA177}.Debug|Any CPU.ActiveCfg = Debug|Any CPU
		{0DC436D9-81AF-4AC2-AA79-388744ABA177}.Debug|Any CPU.Build.0 = Debug|Any CPU
		{0DC436D9-81AF-4AC2-AA79-388744ABA177}.Release|Any CPU.ActiveCfg = Release|Any CPU
		{0DC436D9-81AF-4AC2-AA79-388744ABA177}.Release|Any CPU.Build.0 = Release|Any CPU
		{656CC701-3E52-496B-8BD9-C868289D000A}.Debug|Any CPU.ActiveCfg = Debug|Any CPU
		{656CC701-3E52-496B-8BD9-C868289D000A}.Debug|Any CPU.Build.0 = Debug|Any CPU
		{656CC701-3E52-496B-8BD9-C868289D000A}.Release|Any CPU.ActiveCfg = Release|Any CPU
		{656CC701-3E52-496B-8BD9-C868289D000A}.Release|Any CPU.Build.0 = Release|Any CPU
		{0E2C06F3-5B8A-41B5-8C7F-6D71B4AAE9AD}.Debug|Any CPU.ActiveCfg = Debug|Any CPU
		{0E2C06F3-5B8A-41B5-8C7F-6D71B4AAE9AD}.Debug|Any CPU.Build.0 = Debug|Any CPU
		{0E2C06F3-5B8A-41B5-8C7F-6D71B4AAE9AD}.Release|Any CPU.ActiveCfg = Release|Any CPU
		{0E2C06F3-5B8A-41B5-8C7F-6D71B4AAE9AD}.Release|Any CPU.Build.0 = Release|Any CPU
		{E635F0F0-EC31-435F-84FE-745A71D62CC0}.Debug|Any CPU.ActiveCfg = Debug|Any CPU
		{E635F0F0-EC31-435F-84FE-745A71D62CC0}.Debug|Any CPU.Build.0 = Debug|Any CPU
		{E635F0F0-EC31-435F-84FE-745A71D62CC0}.Release|Any CPU.ActiveCfg = Release|Any CPU
		{E635F0F0-EC31-435F-84FE-745A71D62CC0}.Release|Any CPU.Build.0 = Release|Any CPU
	EndGlobalSection
EndGlobal
